
Microsoft Visual Studio Solution File, Format Version 12.00
# Visual Studio Version 16
VisualStudioVersion = 16.0.31205.134
MinimumVisualStudioVersion = 10.0.40219.1
Project("{FAE04EC0-301F-11D3-BF4B-00C04F79EFBC}") = "Course24_Herança+Polimorfismo", "Course24_Herança+Polimorfismo\Course24_Herança+Polimorfismo.csproj", "{049FA482-5A7C-4125-8A36-2041CC629B7B}"
EndProject
Global
	GlobalSection(SolutionConfigurationPlatforms) = preSolution
		Debug|Any CPU = Debug|Any CPU
		Release|Any CPU = Release|Any CPU
	EndGlobalSection
	GlobalSection(ProjectConfigurationPlatforms) = postSolution
		{049FA482-5A7C-4125-8A36-2041CC629B7B}.Debug|Any CPU.ActiveCfg = Debug|Any CPU
		{049FA482-5A7C-4125-8A36-2041CC629B7B}.Debug|Any CPU.Build.0 = Debug|Any CPU
		{049FA482-5A7C-4125-8A36-2041CC629B7B}.Release|Any CPU.ActiveCfg = Release|Any CPU
		{049FA482-5A7C-4125-8A36-2041CC629B7B}.Release|Any CPU.Build.0 = Release|Any CPU
	EndGlobalSection
	GlobalSection(SolutionProperties) = preSolution
		HideSolutionNode = FALSE
	EndGlobalSection
	GlobalSection(ExtensibilityGlobals) = postSolution
		SolutionGuid = {03801052-DFDB-4CF0-9EE4-7F34902545FB}
	EndGlobalSection
EndGlobal
