
Microsoft Visual Studio Solution File, Format Version 12.00
# Visual Studio Version 16
VisualStudioVersion = 16.0.31112.23
MinimumVisualStudioVersion = 10.0.40219.1
Project("{FAE04EC0-301F-11D3-BF4B-00C04F79EFBC}") = "Course2", "Course2\Course2.csproj", "{35EE8B2A-FB4D-4550-B757-A901F245216C}"
EndProject
Global
	GlobalSection(SolutionConfigurationPlatforms) = preSolution
		Debug|Any CPU = Debug|Any CPU
		Release|Any CPU = Release|Any CPU
	EndGlobalSection
	GlobalSection(ProjectConfigurationPlatforms) = postSolution
		{35EE8B2A-FB4D-4550-B757-A901F245216C}.Debug|Any CPU.ActiveCfg = Debug|Any CPU
		{35EE8B2A-FB4D-4550-B757-A901F245216C}.Debug|Any CPU.Build.0 = Debug|Any CPU
		{35EE8B2A-FB4D-4550-B757-A901F245216C}.Release|Any CPU.ActiveCfg = Release|Any CPU
		{35EE8B2A-FB4D-4550-B757-A901F245216C}.Release|Any CPU.Build.0 = Release|Any CPU
	EndGlobalSection
	GlobalSection(SolutionProperties) = preSolution
		HideSolutionNode = FALSE
	EndGlobalSection
	GlobalSection(ExtensibilityGlobals) = postSolution
		SolutionGuid = {C3CDE957-BB92-49F6-80C8-2009BDA6F361}
	EndGlobalSection
EndGlobal
