
Microsoft Visual Studio Solution File, Format Version 12.00
# Visual Studio Version 16
VisualStudioVersion = 16.0.31112.23
MinimumVisualStudioVersion = 10.0.40219.1
Project("{FAE04EC0-301F-11D3-BF4B-00C04F79EFBC}") = "Course9_Matriz", "Course9_Matriz\Course9_Matriz.csproj", "{1571A8FA-C31F-4A4D-93F0-8A023F56E53C}"
EndProject
Global
	GlobalSection(SolutionConfigurationPlatforms) = preSolution
		Debug|Any CPU = Debug|Any CPU
		Release|Any CPU = Release|Any CPU
	EndGlobalSection
	GlobalSection(ProjectConfigurationPlatforms) = postSolution
		{1571A8FA-C31F-4A4D-93F0-8A023F56E53C}.Debug|Any CPU.ActiveCfg = Debug|Any CPU
		{1571A8FA-C31F-4A4D-93F0-8A023F56E53C}.Debug|Any CPU.Build.0 = Debug|Any CPU
		{1571A8FA-C31F-4A4D-93F0-8A023F56E53C}.Release|Any CPU.ActiveCfg = Release|Any CPU
		{1571A8FA-C31F-4A4D-93F0-8A023F56E53C}.Release|Any CPU.Build.0 = Release|Any CPU
	EndGlobalSection
	GlobalSection(SolutionProperties) = preSolution
		HideSolutionNode = FALSE
	EndGlobalSection
	GlobalSection(ExtensibilityGlobals) = postSolution
		SolutionGuid = {36B97469-8E22-4DEF-BB63-665FB0386CAB}
	EndGlobalSection
EndGlobal
