
Microsoft Visual Studio Solution File, Format Version 12.00
# Visual Studio Version 16
VisualStudioVersion = 16.0.31205.134
MinimumVisualStudioVersion = 10.0.40219.1
Project("{FAE04EC0-301F-11D3-BF4B-00C04F79EFBC}") = "Exc5_Polimorfismo", "Exc5_Polimorfismo\Exc5_Polimorfismo.csproj", "{C29C6BAE-4224-4595-A495-6BC34D224ECF}"
EndProject
Global
	GlobalSection(SolutionConfigurationPlatforms) = preSolution
		Debug|Any CPU = Debug|Any CPU
		Release|Any CPU = Release|Any CPU
	EndGlobalSection
	GlobalSection(ProjectConfigurationPlatforms) = postSolution
		{C29C6BAE-4224-4595-A495-6BC34D224ECF}.Debug|Any CPU.ActiveCfg = Debug|Any CPU
		{C29C6BAE-4224-4595-A495-6BC34D224ECF}.Debug|Any CPU.Build.0 = Debug|Any CPU
		{C29C6BAE-4224-4595-A495-6BC34D224ECF}.Release|Any CPU.ActiveCfg = Release|Any CPU
		{C29C6BAE-4224-4595-A495-6BC34D224ECF}.Release|Any CPU.Build.0 = Release|Any CPU
	EndGlobalSection
	GlobalSection(SolutionProperties) = preSolution
		HideSolutionNode = FALSE
	EndGlobalSection
	GlobalSection(ExtensibilityGlobals) = postSolution
		SolutionGuid = {B2CE1AAB-4129-43C0-9FCE-CFBDA46CFD19}
	EndGlobalSection
EndGlobal
