
Microsoft Visual Studio Solution File, Format Version 12.00
# Visual Studio Version 16
VisualStudioVersion = 16.0.31112.23
MinimumVisualStudioVersion = 10.0.40219.1
Project("{FAE04EC0-301F-11D3-BF4B-00C04F79EFBC}") = "ApsPLP", "ApsPLP\ApsPLP.csproj", "{8AA59042-1DB3-48DE-A33C-EADEA03DC5C3}"
EndProject
Global
	GlobalSection(SolutionConfigurationPlatforms) = preSolution
		Debug|Any CPU = Debug|Any CPU
		Release|Any CPU = Release|Any CPU
	EndGlobalSection
	GlobalSection(ProjectConfigurationPlatforms) = postSolution
		{8AA59042-1DB3-48DE-A33C-EADEA03DC5C3}.Debug|Any CPU.ActiveCfg = Debug|Any CPU
		{8AA59042-1DB3-48DE-A33C-EADEA03DC5C3}.Debug|Any CPU.Build.0 = Debug|Any CPU
		{8AA59042-1DB3-48DE-A33C-EADEA03DC5C3}.Release|Any CPU.ActiveCfg = Release|Any CPU
		{8AA59042-1DB3-48DE-A33C-EADEA03DC5C3}.Release|Any CPU.Build.0 = Release|Any CPU
	EndGlobalSection
	GlobalSection(SolutionProperties) = preSolution
		HideSolutionNode = FALSE
	EndGlobalSection
	GlobalSection(ExtensibilityGlobals) = postSolution
		SolutionGuid = {79229880-E35F-41B6-965D-7457BAA9666D}
	EndGlobalSection
EndGlobal
