
Microsoft Visual Studio Solution File, Format Version 12.00
# Visual Studio Version 16
VisualStudioVersion = 16.0.31112.23
MinimumVisualStudioVersion = 10.0.40219.1
Project("{FAE04EC0-301F-11D3-BF4B-00C04F79EFBC}") = "Exc2", "Exc2\Exc2.csproj", "{A7D08DFA-DF0D-44D3-A682-8C5551E94CB9}"
EndProject
Global
	GlobalSection(SolutionConfigurationPlatforms) = preSolution
		Debug|Any CPU = Debug|Any CPU
		Release|Any CPU = Release|Any CPU
	EndGlobalSection
	GlobalSection(ProjectConfigurationPlatforms) = postSolution
		{A7D08DFA-DF0D-44D3-A682-8C5551E94CB9}.Debug|Any CPU.ActiveCfg = Debug|Any CPU
		{A7D08DFA-DF0D-44D3-A682-8C5551E94CB9}.Debug|Any CPU.Build.0 = Debug|Any CPU
		{A7D08DFA-DF0D-44D3-A682-8C5551E94CB9}.Release|Any CPU.ActiveCfg = Release|Any CPU
		{A7D08DFA-DF0D-44D3-A682-8C5551E94CB9}.Release|Any CPU.Build.0 = Release|Any CPU
	EndGlobalSection
	GlobalSection(SolutionProperties) = preSolution
		HideSolutionNode = FALSE
	EndGlobalSection
	GlobalSection(ExtensibilityGlobals) = postSolution
		SolutionGuid = {B1F04BF6-8AC9-41CB-85FF-0D9DDF518DD1}
	EndGlobalSection
EndGlobal
