
Microsoft Visual Studio Solution File, Format Version 12.00
# Visual Studio Version 16
VisualStudioVersion = 16.0.31313.79
MinimumVisualStudioVersion = 10.0.40219.1
Project("{FAE04EC0-301F-11D3-BF4B-00C04F79EFBC}") = "Course32_Extension_Methods", "Course32_Extension_Methods\Course32_Extension_Methods.csproj", "{74AB3B14-2F6D-494C-BCEA-8D17D9324150}"
EndProject
Global
	GlobalSection(SolutionConfigurationPlatforms) = preSolution
		Debug|Any CPU = Debug|Any CPU
		Release|Any CPU = Release|Any CPU
	EndGlobalSection
	GlobalSection(ProjectConfigurationPlatforms) = postSolution
		{74AB3B14-2F6D-494C-BCEA-8D17D9324150}.Debug|Any CPU.ActiveCfg = Debug|Any CPU
		{74AB3B14-2F6D-494C-BCEA-8D17D9324150}.Debug|Any CPU.Build.0 = Debug|Any CPU
		{74AB3B14-2F6D-494C-BCEA-8D17D9324150}.Release|Any CPU.ActiveCfg = Release|Any CPU
		{74AB3B14-2F6D-494C-BCEA-8D17D9324150}.Release|Any CPU.Build.0 = Release|Any CPU
	EndGlobalSection
	GlobalSection(SolutionProperties) = preSolution
		HideSolutionNode = FALSE
	EndGlobalSection
	GlobalSection(ExtensibilityGlobals) = postSolution
		SolutionGuid = {1231B19D-2447-481E-A57A-D674E5DBD311}
	EndGlobalSection
EndGlobal
