
Microsoft Visual Studio Solution File, Format Version 12.00
# Visual Studio Version 16
VisualStudioVersion = 16.0.31313.79
MinimumVisualStudioVersion = 10.0.40219.1
Project("{FAE04EC0-301F-11D3-BF4B-00C04F79EFBC}") = "Course33_Comparison", "Course33_Comparison\Course33_Comparison.csproj", "{FAB55639-042D-4DC6-B932-D4B9CBB74979}"
EndProject
Global
	GlobalSection(SolutionConfigurationPlatforms) = preSolution
		Debug|Any CPU = Debug|Any CPU
		Release|Any CPU = Release|Any CPU
	EndGlobalSection
	GlobalSection(ProjectConfigurationPlatforms) = postSolution
		{FAB55639-042D-4DC6-B932-D4B9CBB74979}.Debug|Any CPU.ActiveCfg = Debug|Any CPU
		{FAB55639-042D-4DC6-B932-D4B9CBB74979}.Debug|Any CPU.Build.0 = Debug|Any CPU
		{FAB55639-042D-4DC6-B932-D4B9CBB74979}.Release|Any CPU.ActiveCfg = Release|Any CPU
		{FAB55639-042D-4DC6-B932-D4B9CBB74979}.Release|Any CPU.Build.0 = Release|Any CPU
	EndGlobalSection
	GlobalSection(SolutionProperties) = preSolution
		HideSolutionNode = FALSE
	EndGlobalSection
	GlobalSection(ExtensibilityGlobals) = postSolution
		SolutionGuid = {5E886D44-5293-4CC1-9393-46A0A2D366EE}
	EndGlobalSection
EndGlobal
