
Microsoft Visual Studio Solution File, Format Version 12.00
# Visual Studio Version 16
VisualStudioVersion = 16.0.31313.79
MinimumVisualStudioVersion = 10.0.40219.1
Project("{FAE04EC0-301F-11D3-BF4B-00C04F79EFBC}") = "Course31_Dictionary_SortedDictionary", "Course31_Dictionary_SortedDictionary\Course31_Dictionary_SortedDictionary.csproj", "{18F115AC-2ABA-4D18-A918-E5DE23081972}"
EndProject
Global
	GlobalSection(SolutionConfigurationPlatforms) = preSolution
		Debug|Any CPU = Debug|Any CPU
		Release|Any CPU = Release|Any CPU
	EndGlobalSection
	GlobalSection(ProjectConfigurationPlatforms) = postSolution
		{18F115AC-2ABA-4D18-A918-E5DE23081972}.Debug|Any CPU.ActiveCfg = Debug|Any CPU
		{18F115AC-2ABA-4D18-A918-E5DE23081972}.Debug|Any CPU.Build.0 = Debug|Any CPU
		{18F115AC-2ABA-4D18-A918-E5DE23081972}.Release|Any CPU.ActiveCfg = Release|Any CPU
		{18F115AC-2ABA-4D18-A918-E5DE23081972}.Release|Any CPU.Build.0 = Release|Any CPU
	EndGlobalSection
	GlobalSection(SolutionProperties) = preSolution
		HideSolutionNode = FALSE
	EndGlobalSection
	GlobalSection(ExtensibilityGlobals) = postSolution
		SolutionGuid = {D126E6D9-E473-49DC-9E2A-96F393071E67}
	EndGlobalSection
EndGlobal
