
Microsoft Visual Studio Solution File, Format Version 12.00
# Visual Studio Version 16
VisualStudioVersion = 16.0.31313.79
MinimumVisualStudioVersion = 10.0.40219.1
Project("{FAE04EC0-301F-11D3-BF4B-00C04F79EFBC}") = "Course38_Intro_LINQ", "Course38_Intro_LINQ\Course38_Intro_LINQ.csproj", "{C07CE2D6-30A7-44FC-B64B-1980318E542C}"
EndProject
Global
	GlobalSection(SolutionConfigurationPlatforms) = preSolution
		Debug|Any CPU = Debug|Any CPU
		Release|Any CPU = Release|Any CPU
	EndGlobalSection
	GlobalSection(ProjectConfigurationPlatforms) = postSolution
		{C07CE2D6-30A7-44FC-B64B-1980318E542C}.Debug|Any CPU.ActiveCfg = Debug|Any CPU
		{C07CE2D6-30A7-44FC-B64B-1980318E542C}.Debug|Any CPU.Build.0 = Debug|Any CPU
		{C07CE2D6-30A7-44FC-B64B-1980318E542C}.Release|Any CPU.ActiveCfg = Release|Any CPU
		{C07CE2D6-30A7-44FC-B64B-1980318E542C}.Release|Any CPU.Build.0 = Release|Any CPU
	EndGlobalSection
	GlobalSection(SolutionProperties) = preSolution
		HideSolutionNode = FALSE
	EndGlobalSection
	GlobalSection(ExtensibilityGlobals) = postSolution
		SolutionGuid = {FDB6E4F5-65D8-40A0-8F84-396E14FC9876}
	EndGlobalSection
EndGlobal
