
Microsoft Visual Studio Solution File, Format Version 12.00
# Visual Studio Version 16
VisualStudioVersion = 16.0.31205.134
MinimumVisualStudioVersion = 10.0.40219.1
Project("{FAE04EC0-301F-11D3-BF4B-00C04F79EFBC}") = "Course19_FileStream_StreamReader", "Course19_FileStream_StreamReader\Course19_FileStream_StreamReader.csproj", "{66645E46-5A19-4A77-9849-99AB5D8D0279}"
EndProject
Global
	GlobalSection(SolutionConfigurationPlatforms) = preSolution
		Debug|Any CPU = Debug|Any CPU
		Release|Any CPU = Release|Any CPU
	EndGlobalSection
	GlobalSection(ProjectConfigurationPlatforms) = postSolution
		{66645E46-5A19-4A77-9849-99AB5D8D0279}.Debug|Any CPU.ActiveCfg = Debug|Any CPU
		{66645E46-5A19-4A77-9849-99AB5D8D0279}.Debug|Any CPU.Build.0 = Debug|Any CPU
		{66645E46-5A19-4A77-9849-99AB5D8D0279}.Release|Any CPU.ActiveCfg = Release|Any CPU
		{66645E46-5A19-4A77-9849-99AB5D8D0279}.Release|Any CPU.Build.0 = Release|Any CPU
	EndGlobalSection
	GlobalSection(SolutionProperties) = preSolution
		HideSolutionNode = FALSE
	EndGlobalSection
	GlobalSection(ExtensibilityGlobals) = postSolution
		SolutionGuid = {3BCDF551-76A6-4E98-883B-96A4A83450BE}
	EndGlobalSection
EndGlobal
