
Microsoft Visual Studio Solution File, Format Version 12.00
# Visual Studio Version 16
VisualStudioVersion = 16.0.31205.134
MinimumVisualStudioVersion = 10.0.40219.1
Project("{FAE04EC0-301F-11D3-BF4B-00C04F79EFBC}") = "Exc4_StringBuilder", "Exc4_StringBuilder\Exc4_StringBuilder.csproj", "{5C90A85B-EC18-402E-81D7-F53D18EE2AA5}"
EndProject
Global
	GlobalSection(SolutionConfigurationPlatforms) = preSolution
		Debug|Any CPU = Debug|Any CPU
		Release|Any CPU = Release|Any CPU
	EndGlobalSection
	GlobalSection(ProjectConfigurationPlatforms) = postSolution
		{5C90A85B-EC18-402E-81D7-F53D18EE2AA5}.Debug|Any CPU.ActiveCfg = Debug|Any CPU
		{5C90A85B-EC18-402E-81D7-F53D18EE2AA5}.Debug|Any CPU.Build.0 = Debug|Any CPU
		{5C90A85B-EC18-402E-81D7-F53D18EE2AA5}.Release|Any CPU.ActiveCfg = Release|Any CPU
		{5C90A85B-EC18-402E-81D7-F53D18EE2AA5}.Release|Any CPU.Build.0 = Release|Any CPU
	EndGlobalSection
	GlobalSection(SolutionProperties) = preSolution
		HideSolutionNode = FALSE
	EndGlobalSection
	GlobalSection(ExtensibilityGlobals) = postSolution
		SolutionGuid = {887269E0-6195-4638-AAEF-0041AF65D8CD}
	EndGlobalSection
EndGlobal
