
Microsoft Visual Studio Solution File, Format Version 12.00
# Visual Studio Version 16
VisualStudioVersion = 16.0.31112.23
MinimumVisualStudioVersion = 10.0.40219.1
Project("{FAE04EC0-301F-11D3-BF4B-00C04F79EFBC}") = "Course8_Lists", "Course8_Lists\Course8_Lists.csproj", "{62C934BC-BED7-4092-9EA1-D042875A59B9}"
EndProject
Global
	GlobalSection(SolutionConfigurationPlatforms) = preSolution
		Debug|Any CPU = Debug|Any CPU
		Release|Any CPU = Release|Any CPU
	EndGlobalSection
	GlobalSection(ProjectConfigurationPlatforms) = postSolution
		{62C934BC-BED7-4092-9EA1-D042875A59B9}.Debug|Any CPU.ActiveCfg = Debug|Any CPU
		{62C934BC-BED7-4092-9EA1-D042875A59B9}.Debug|Any CPU.Build.0 = Debug|Any CPU
		{62C934BC-BED7-4092-9EA1-D042875A59B9}.Release|Any CPU.ActiveCfg = Release|Any CPU
		{62C934BC-BED7-4092-9EA1-D042875A59B9}.Release|Any CPU.Build.0 = Release|Any CPU
	EndGlobalSection
	GlobalSection(SolutionProperties) = preSolution
		HideSolutionNode = FALSE
	EndGlobalSection
	GlobalSection(ExtensibilityGlobals) = postSolution
		SolutionGuid = {C6A1F710-2362-4917-85B3-DC2FA3A2338C}
	EndGlobalSection
EndGlobal
