
Microsoft Visual Studio Solution File, Format Version 12.00
# Visual Studio Version 16
VisualStudioVersion = 16.0.31205.134
MinimumVisualStudioVersion = 10.0.40219.1
Project("{FAE04EC0-301F-11D3-BF4B-00C04F79EFBC}") = "Course17_CustomExceptions", "Course17_CustomExceptions\Course17_CustomExceptions.csproj", "{BC1FC6A7-5013-41DE-B80E-87C8D4CDA074}"
EndProject
Global
	GlobalSection(SolutionConfigurationPlatforms) = preSolution
		Debug|Any CPU = Debug|Any CPU
		Release|Any CPU = Release|Any CPU
	EndGlobalSection
	GlobalSection(ProjectConfigurationPlatforms) = postSolution
		{BC1FC6A7-5013-41DE-B80E-87C8D4CDA074}.Debug|Any CPU.ActiveCfg = Debug|Any CPU
		{BC1FC6A7-5013-41DE-B80E-87C8D4CDA074}.Debug|Any CPU.Build.0 = Debug|Any CPU
		{BC1FC6A7-5013-41DE-B80E-87C8D4CDA074}.Release|Any CPU.ActiveCfg = Release|Any CPU
		{BC1FC6A7-5013-41DE-B80E-87C8D4CDA074}.Release|Any CPU.Build.0 = Release|Any CPU
	EndGlobalSection
	GlobalSection(SolutionProperties) = preSolution
		HideSolutionNode = FALSE
	EndGlobalSection
	GlobalSection(ExtensibilityGlobals) = postSolution
		SolutionGuid = {2072668C-9741-421F-892B-4CD0EEF44C2D}
	EndGlobalSection
EndGlobal
