
Microsoft Visual Studio Solution File, Format Version 12.00
# Visual Studio Version 16
VisualStudioVersion = 16.0.31313.79
MinimumVisualStudioVersion = 10.0.40219.1
Project("{FAE04EC0-301F-11D3-BF4B-00C04F79EFBC}") = "Course30_HashSet_SortedSet", "Course30_HashSet_SortedSet\Course30_HashSet_SortedSet.csproj", "{7CFEF526-AA81-4FA2-A7F3-D1B13D0055E3}"
EndProject
Global
	GlobalSection(SolutionConfigurationPlatforms) = preSolution
		Debug|Any CPU = Debug|Any CPU
		Release|Any CPU = Release|Any CPU
	EndGlobalSection
	GlobalSection(ProjectConfigurationPlatforms) = postSolution
		{7CFEF526-AA81-4FA2-A7F3-D1B13D0055E3}.Debug|Any CPU.ActiveCfg = Debug|Any CPU
		{7CFEF526-AA81-4FA2-A7F3-D1B13D0055E3}.Debug|Any CPU.Build.0 = Debug|Any CPU
		{7CFEF526-AA81-4FA2-A7F3-D1B13D0055E3}.Release|Any CPU.ActiveCfg = Release|Any CPU
		{7CFEF526-AA81-4FA2-A7F3-D1B13D0055E3}.Release|Any CPU.Build.0 = Release|Any CPU
	EndGlobalSection
	GlobalSection(SolutionProperties) = preSolution
		HideSolutionNode = FALSE
	EndGlobalSection
	GlobalSection(ExtensibilityGlobals) = postSolution
		SolutionGuid = {566F1997-3389-4439-8532-B8E7E1E40047}
	EndGlobalSection
EndGlobal
