
Microsoft Visual Studio Solution File, Format Version 12.00
# Visual Studio Version 16
VisualStudioVersion = 16.0.31205.134
MinimumVisualStudioVersion = 10.0.40219.1
Project("{FAE04EC0-301F-11D3-BF4B-00C04F79EFBC}") = "Course16_TryCatch", "Course16_TryCatch\Course16_TryCatch.csproj", "{337DB1C6-C842-46CD-A17C-FA992C0BAB30}"
EndProject
Global
	GlobalSection(SolutionConfigurationPlatforms) = preSolution
		Debug|Any CPU = Debug|Any CPU
		Release|Any CPU = Release|Any CPU
	EndGlobalSection
	GlobalSection(ProjectConfigurationPlatforms) = postSolution
		{337DB1C6-C842-46CD-A17C-FA992C0BAB30}.Debug|Any CPU.ActiveCfg = Debug|Any CPU
		{337DB1C6-C842-46CD-A17C-FA992C0BAB30}.Debug|Any CPU.Build.0 = Debug|Any CPU
		{337DB1C6-C842-46CD-A17C-FA992C0BAB30}.Release|Any CPU.ActiveCfg = Release|Any CPU
		{337DB1C6-C842-46CD-A17C-FA992C0BAB30}.Release|Any CPU.Build.0 = Release|Any CPU
	EndGlobalSection
	GlobalSection(SolutionProperties) = preSolution
		HideSolutionNode = FALSE
	EndGlobalSection
	GlobalSection(ExtensibilityGlobals) = postSolution
		SolutionGuid = {53A7626F-33E7-4EDD-94C1-56094BAF7A58}
	EndGlobalSection
EndGlobal
