
Microsoft Visual Studio Solution File, Format Version 12.00
# Visual Studio Version 16
VisualStudioVersion = 16.0.31112.23
MinimumVisualStudioVersion = 10.0.40219.1
Project("{FAE04EC0-301F-11D3-BF4B-00C04F79EFBC}") = "Course5_Nullable", "Course5_Nullable\Course5_Nullable.csproj", "{026DC9E6-F193-4EFB-AF14-27214429E095}"
EndProject
Global
	GlobalSection(SolutionConfigurationPlatforms) = preSolution
		Debug|Any CPU = Debug|Any CPU
		Release|Any CPU = Release|Any CPU
	EndGlobalSection
	GlobalSection(ProjectConfigurationPlatforms) = postSolution
		{026DC9E6-F193-4EFB-AF14-27214429E095}.Debug|Any CPU.ActiveCfg = Debug|Any CPU
		{026DC9E6-F193-4EFB-AF14-27214429E095}.Debug|Any CPU.Build.0 = Debug|Any CPU
		{026DC9E6-F193-4EFB-AF14-27214429E095}.Release|Any CPU.ActiveCfg = Release|Any CPU
		{026DC9E6-F193-4EFB-AF14-27214429E095}.Release|Any CPU.Build.0 = Release|Any CPU
	EndGlobalSection
	GlobalSection(SolutionProperties) = preSolution
		HideSolutionNode = FALSE
	EndGlobalSection
	GlobalSection(ExtensibilityGlobals) = postSolution
		SolutionGuid = {B7BDC223-4886-4A33-98D0-93CC2B8A19B4}
	EndGlobalSection
EndGlobal
