
Microsoft Visual Studio Solution File, Format Version 12.00
# Visual Studio Version 16
VisualStudioVersion = 16.0.31205.134
MinimumVisualStudioVersion = 10.0.40219.1
Project("{FAE04EC0-301F-11D3-BF4B-00C04F79EFBC}") = "Course20_StreamWriter", "Course20_StreamWriter\Course20_StreamWriter.csproj", "{86EAA92D-9134-4937-BBD8-C94D1A613719}"
EndProject
Global
	GlobalSection(SolutionConfigurationPlatforms) = preSolution
		Debug|Any CPU = Debug|Any CPU
		Release|Any CPU = Release|Any CPU
	EndGlobalSection
	GlobalSection(ProjectConfigurationPlatforms) = postSolution
		{86EAA92D-9134-4937-BBD8-C94D1A613719}.Debug|Any CPU.ActiveCfg = Debug|Any CPU
		{86EAA92D-9134-4937-BBD8-C94D1A613719}.Debug|Any CPU.Build.0 = Debug|Any CPU
		{86EAA92D-9134-4937-BBD8-C94D1A613719}.Release|Any CPU.ActiveCfg = Release|Any CPU
		{86EAA92D-9134-4937-BBD8-C94D1A613719}.Release|Any CPU.Build.0 = Release|Any CPU
	EndGlobalSection
	GlobalSection(SolutionProperties) = preSolution
		HideSolutionNode = FALSE
	EndGlobalSection
	GlobalSection(ExtensibilityGlobals) = postSolution
		SolutionGuid = {416172CE-1B41-4A84-9273-77B48547C722}
	EndGlobalSection
EndGlobal
