
Microsoft Visual Studio Solution File, Format Version 12.00
# Visual Studio Version 16
VisualStudioVersion = 16.0.31112.23
MinimumVisualStudioVersion = 10.0.40219.1
Project("{FAE04EC0-301F-11D3-BF4B-00C04F79EFBC}") = "Course6_Vetores", "Course6_Vetores\Course6_Vetores.csproj", "{BF1F3606-8C2A-4605-88A5-971B9BFC335D}"
EndProject
Global
	GlobalSection(SolutionConfigurationPlatforms) = preSolution
		Debug|Any CPU = Debug|Any CPU
		Release|Any CPU = Release|Any CPU
	EndGlobalSection
	GlobalSection(ProjectConfigurationPlatforms) = postSolution
		{BF1F3606-8C2A-4605-88A5-971B9BFC335D}.Debug|Any CPU.ActiveCfg = Debug|Any CPU
		{BF1F3606-8C2A-4605-88A5-971B9BFC335D}.Debug|Any CPU.Build.0 = Debug|Any CPU
		{BF1F3606-8C2A-4605-88A5-971B9BFC335D}.Release|Any CPU.ActiveCfg = Release|Any CPU
		{BF1F3606-8C2A-4605-88A5-971B9BFC335D}.Release|Any CPU.Build.0 = Release|Any CPU
	EndGlobalSection
	GlobalSection(SolutionProperties) = preSolution
		HideSolutionNode = FALSE
	EndGlobalSection
	GlobalSection(ExtensibilityGlobals) = postSolution
		SolutionGuid = {BF3BE17F-C7D8-4F5C-8C69-0824519F5263}
	EndGlobalSection
EndGlobal
