
Microsoft Visual Studio Solution File, Format Version 12.00
# Visual Studio Version 16
VisualStudioVersion = 16.0.31112.23
MinimumVisualStudioVersion = 10.0.40219.1
Project("{9A19103F-16F7-4668-BE54-9A1E7A4F7556}") = "Course", "Course\Course.csproj", "{E6B072EF-C00C-4F6F-9B2B-9D71F2E7E674}"
EndProject
Global
	GlobalSection(SolutionConfigurationPlatforms) = preSolution
		Debug|Any CPU = Debug|Any CPU
		Release|Any CPU = Release|Any CPU
	EndGlobalSection
	GlobalSection(ProjectConfigurationPlatforms) = postSolution
		{E6B072EF-C00C-4F6F-9B2B-9D71F2E7E674}.Debug|Any CPU.ActiveCfg = Debug|Any CPU
		{E6B072EF-C00C-4F6F-9B2B-9D71F2E7E674}.Debug|Any CPU.Build.0 = Debug|Any CPU
		{E6B072EF-C00C-4F6F-9B2B-9D71F2E7E674}.Release|Any CPU.ActiveCfg = Release|Any CPU
		{E6B072EF-C00C-4F6F-9B2B-9D71F2E7E674}.Release|Any CPU.Build.0 = Release|Any CPU
	EndGlobalSection
	GlobalSection(SolutionProperties) = preSolution
		HideSolutionNode = FALSE
	EndGlobalSection
	GlobalSection(ExtensibilityGlobals) = postSolution
		SolutionGuid = {3BF6CB95-F13C-489C-A89D-3D3C9BA775D6}
	EndGlobalSection
EndGlobal
