
Microsoft Visual Studio Solution File, Format Version 12.00
# Visual Studio Version 16
VisualStudioVersion = 16.0.31112.23
MinimumVisualStudioVersion = 10.0.40219.1
Project("{FAE04EC0-301F-11D3-BF4B-00C04F79EFBC}") = "Course10_ExcMatriz", "Course10_ExcMatriz\Course10_ExcMatriz.csproj", "{8183AFD7-A4A6-4E15-ADE1-3AA6BE83FC58}"
EndProject
Global
	GlobalSection(SolutionConfigurationPlatforms) = preSolution
		Debug|Any CPU = Debug|Any CPU
		Release|Any CPU = Release|Any CPU
	EndGlobalSection
	GlobalSection(ProjectConfigurationPlatforms) = postSolution
		{8183AFD7-A4A6-4E15-ADE1-3AA6BE83FC58}.Debug|Any CPU.ActiveCfg = Debug|Any CPU
		{8183AFD7-A4A6-4E15-ADE1-3AA6BE83FC58}.Debug|Any CPU.Build.0 = Debug|Any CPU
		{8183AFD7-A4A6-4E15-ADE1-3AA6BE83FC58}.Release|Any CPU.ActiveCfg = Release|Any CPU
		{8183AFD7-A4A6-4E15-ADE1-3AA6BE83FC58}.Release|Any CPU.Build.0 = Release|Any CPU
	EndGlobalSection
	GlobalSection(SolutionProperties) = preSolution
		HideSolutionNode = FALSE
	EndGlobalSection
	GlobalSection(ExtensibilityGlobals) = postSolution
		SolutionGuid = {8A9AD96F-38FC-4D44-935F-B77DEA7E6073}
	EndGlobalSection
EndGlobal
